// !$*UTF8*$!
{
	archiveVersion = 1;
	classes = {
	};
	objectVersion = 46;
	objects = {

/* Begin PBXBuildFile section */
		1C47158F1A94401200DE80E9 /* main.m in Sources */ = {isa = PBXBuildFile; fileRef = 1C47158E1A94401200DE80E9 /* main.m */; };
		1C4715921A94401200DE80E9 /* AppDelegate.m in Sources */ = {isa = PBXBuildFile; fileRef = 1C4715911A94401200DE80E9 /* AppDelegate.m */; };
		1C4715951A94401200DE80E9 /* ViewController.m in Sources */ = {isa = PBXBuildFile; fileRef = 1C4715941A94401200DE80E9 /* ViewController.m */; };
		1C4715981A94401200DE80E9 /* Main.storyboard in Resources */ = {isa = PBXBuildFile; fileRef = 1C4715961A94401200DE80E9 /* Main.storyboard */; };
		1C47159A1A94401200DE80E9 /* Images.xcassets in Resources */ = {isa = PBXBuildFile; fileRef = 1C4715991A94401200DE80E9 /* Images.xcassets */; };
		1C47159D1A94401200DE80E9 /* LaunchScreen.xib in Resources */ = {isa = PBXBuildFile; fileRef = 1C47159B1A94401200DE80E9 /* LaunchScreen.xib */; };
		1C4715A91A94401200DE80E9 /* ToDoListTests.m in Sources */ = {isa = PBXBuildFile; fileRef = 1C4715A81A94401200DE80E9 /* ToDoListTests.m */; };
/* End PBXBuildFile section */

/* Begin PBXContainerItemProxy section */
		1C4715A31A94401200DE80E9 /* PBXContainerItemProxy */ = {
			isa = PBXContainerItemProxy;
			containerPortal = 1C4715811A94401200DE80E9 /* Project object */;
			proxyType = 1;
			remoteGlobalIDString = 1C4715881A94401200DE80E9;
			remoteInfo = ToDoList;
		};
/* End PBXContainerItemProxy section */

/* Begin PBXFileReference section */
		1C4715891A94401200DE80E9 /* ToDoList.app */ = {isa = PBXFileReference; explicitFileType = wrapper.application; includeInIndex = 0; path = ToDoList.app; sourceTree = BUILT_PRODUCTS_DIR; };
		1C47158D1A94401200DE80E9 /* Info.plist */ = {isa = PBXFileReference; lastKnownFileType = text.plist.xml; path = Info.plist; sourceTree = "<group>"; };
		1C47158E1A94401200DE80E9 /* main.m */ = {isa = PBXFileReference; lastKnownFileType = sourcecode.c.objc; path = main.m; sourceTree = "<group>"; };
		1C4715901A94401200DE80E9 /* AppDelegate.h */ = {isa = PBXFileReference; lastKnownFileType = sourcecode.c.h; path = AppDelegate.h; sourceTree = "<group>"; };
		1C4715911A94401200DE80E9 /* AppDelegate.m */ = {isa = PBXFileReference; lastKnownFileType = sourcecode.c.objc; path = AppDelegate.m; sourceTree = "<group>"; };
		1C4715931A94401200DE80E9 /* ViewController.h */ = {isa = PBXFileReference; lastKnownFileType = sourcecode.c.h; path = ViewController.h; sourceTree = "<group>"; };
		1C4715941A94401200DE80E9 /* ViewController.m */ = {isa = PBXFileReference; lastKnownFileType = sourcecode.c.objc; path = ViewController.m; sourceTree = "<group>"; };
		1C4715971A94401200DE80E9 /* Base */ = {isa = PBXFileReference; lastKnownFileType = file.storyboard; name = Base; path = Base.lproj/Main.storyboard; sourceTree = "<group>"; };
		1C4715991A94401200DE80E9 /* Images.xcassets */ = {isa = PBXFileReference; lastKnownFileType = folder.assetcatalog; path = Images.xcassets; sourceTree = "<group>"; };
		1C47159C1A94401200DE80E9 /* Base */ = {isa = PBXFileReference; lastKnownFileType = file.xib; name = Base; path = Base.lproj/LaunchScreen.xib; sourceTree = "<group>"; };
		1C4715A21A94401200DE80E9 /* ToDoListTests.xctest */ = {isa = PBXFileReference; explicitFileType = wrapper.cfbundle; includeInIndex = 0; path = ToDoListTests.xctest; sourceTree = BUILT_PRODUCTS_DIR; };
		1C4715A71A94401200DE80E9 /* Info.plist */ = {isa = PBXFileReference; lastKnownFileType = text.plist.xml; path = Info.plist; sourceTree = "<group>"; };
		1C4715A81A94401200DE80E9 /* ToDoListTests.m */ = {isa = PBXFileReference; lastKnownFileType = sourcecode.c.objc; path = ToDoListTests.m; sourceTree = "<group>"; };
/* End PBXFileReference section */

/* Begin PBXFrameworksBuildPhase section */
		1C4715861A94401200DE80E9 /* Frameworks */ = {
			isa = PBXFrameworksBuildPhase;
			buildActionMask = 2147483647;
			files = (
			);
			runOnlyForDeploymentPostprocessing = 0;
		};
		1C47159F1A94401200DE80E9 /* Frameworks */ = {
			isa = PBXFrameworksBuildPhase;
			buildActionMask = 2147483647;
			files = (
			);
			runOnlyForDeploymentPostprocessing = 0;
		};
/* End PBXFrameworksBuildPhase section */

/* Begin PBXGroup section */
		1C4715801A94401200DE80E9 = {
			isa = PBXGroup;
			children = (
				1C47158B1A94401200DE80E9 /* ToDoList */,
				1C4715A51A94401200DE80E9 /* ToDoListTests */,
				1C47158A1A94401200DE80E9 /* Products */,
			);
			sourceTree = "<group>";
		};
		1C47158A1A94401200DE80E9 /* Products */ = {
			isa = PBXGroup;
			children = (
				1C4715891A94401200DE80E9 /* ToDoList.app */,
				1C4715A21A94401200DE80E9 /* ToDoListTests.xctest */,
			);
			name = Products;
			sourceTree = "<group>";
		};
		1C47158B1A94401200DE80E9 /* ToDoList */ = {
			isa = PBXGroup;
			children = (
				1C4715901A94401200DE80E9 /* AppDelegate.h */,
				1C4715911A94401200DE80E9 /* AppDelegate.m */,
				1C4715931A94401200DE80E9 /* ViewController.h */,
				1C4715941A94401200DE80E9 /* ViewController.m */,
				1C4715961A94401200DE80E9 /* Main.storyboard */,
				1C4715991A94401200DE80E9 /* Images.xcassets */,
				1C47159B1A94401200DE80E9 /* LaunchScreen.xib */,
				1C47158C1A94401200DE80E9 /* Supporting Files */,
			);
			path = ToDoList;
			sourceTree = "<group>";
		};
		1C47158C1A94401200DE80E9 /* Supporting Files */ = {
			isa = PBXGroup;
			children = (
				1C47158D1A94401200DE80E9 /* Info.plist */,
				1C47158E1A94401200DE80E9 /* main.m */,
			);
			name = "Supporting Files";
			sourceTree = "<group>";
		};
		1C4715A51A94401200DE80E9 /* ToDoListTests */ = {
			isa = PBXGroup;
			children = (
				1C4715A81A94401200DE80E9 /* ToDoListTests.m */,
				1C4715A61A94401200DE80E9 /* Supporting Files */,
			);
			path = ToDoListTests;
			sourceTree = "<group>";
		};
		1C4715A61A94401200DE80E9 /* Supporting Files */ = {
			isa = PBXGroup;
			children = (
				1C4715A71A94401200DE80E9 /* Info.plist */,
			);
			name = "Supporting Files";
			sourceTree = "<group>";
		};
/* End PBXGroup section */

/* Begin PBXNativeTarget section */
		1C4715881A94401200DE80E9 /* ToDoList */ = {
			isa = PBXNativeTarget;
			buildConfigurationList = 1C4715AC1A94401200DE80E9 /* Build configuration list for PBXNativeTarget "ToDoList" */;
			buildPhases = (
				1C4715851A94401200DE80E9 /* Sources */,
				1C4715861A94401200DE80E9 /* Frameworks */,
				1C4715871A94401200DE80E9 /* Resources */,
			);
			buildRules = (
			);
			dependencies = (
			);
			name = ToDoList;
			productName = ToDoList;
			productReference = 1C4715891A94401200DE80E9 /* ToDoList.app */;
			productType = "com.apple.product-type.application";
		};
		1C4715A11A94401200DE80E9 /* ToDoListTests */ = {
			isa = PBXNativeTarget;
			buildConfigurationList = 1C4715AF1A94401200DE80E9 /* Build configuration list for PBXNativeTarget "ToDoListTests" */;
			buildPhases = (
				1C47159E1A94401200DE80E9 /* Sources */,
				1C47159F1A94401200DE80E9 /* Frameworks */,
				1C4715A01A94401200DE80E9 /* Resources */,
			);
			buildRules = (
			);
			dependencies = (
				1C4715A41A94401200DE80E9 /* PBXTargetDependency */,
			);
			name = ToDoListTests;
			productName = ToDoListTests;
			productReference = 1C4715A21A94401200DE80E9 /* ToDoListTests.xctest */;
			productType = "com.apple.product-type.bundle.unit-test";
		};
/* End PBXNativeTarget section */

/* Begin PBXProject section */
		1C4715811A94401200DE80E9 /* Project object */ = {
			isa = PBXProject;
			attributes = {
				LastUpgradeCheck = 0610;
				ORGANIZATIONNAME = "Ricardo Sánchez Saldivar";
				TargetAttributes = {
					1C4715881A94401200DE80E9 = {
						CreatedOnToolsVersion = 6.1.1;
					};
					1C4715A11A94401200DE80E9 = {
						CreatedOnToolsVersion = 6.1.1;
						TestTargetID = 1C4715881A94401200DE80E9;
					};
				};
			};
			buildConfigurationList = 1C4715841A94401200DE80E9 /* Build configuration list for PBXProject "ToDoList" */;
			compatibilityVersion = "Xcode 3.2";
			developmentRegion = English;
			hasScannedForEncodings = 0;
			knownRegions = (
				en,
				Base,
			);
			mainGroup = 1C4715801A94401200DE80E9;
			productRefGroup = 1C47158A1A94401200DE80E9 /* Products */;
			projectDirPath = "";
			projectRoot = "";
			targets = (
				1C4715881A94401200DE80E9 /* ToDoList */,
				1C4715A11A94401200DE80E9 /* ToDoListTests */,
			);
		};
/* End PBXProject section */

/* Begin PBXResourcesBuildPhase section */
		1C4715871A94401200DE80E9 /* Resources */ = {
			isa = PBXResourcesBuildPhase;
			buildActionMask = 2147483647;
			files = (
				1C4715981A94401200DE80E9 /* Main.storyboard in Resources */,
				1C47159D1A94401200DE80E9 /* LaunchScreen.xib in Resources */,
				1C47159A1A94401200DE80E9 /* Images.xcassets in Resources */,
			);
			runOnlyForDeploymentPostprocessing = 0;
		};
		1C4715A01A94401200DE80E9 /* Resources */ = {
			isa = PBXResourcesBuildPhase;
			buildActionMask = 2147483647;
			files = (
			);
			runOnlyForDeploymentPostprocessing = 0;
		};
/* End PBXResourcesBuildPhase section */

/* Begin PBXSourcesBuildPhase section */
		1C4715851A94401200DE80E9 /* Sources */ = {
			isa = PBXSourcesBuildPhase;
			buildActionMask = 2147483647;
			files = (
				1C4715951A94401200DE80E9 /* ViewController.m in Sources */,
				1C4715921A94401200DE80E9 /* AppDelegate.m in Sources */,
				1C47158F1A94401200DE80E9 /* main.m in Sources */,
			);
			runOnlyForDeploymentPostprocessing = 0;
		};
		1C47159E1A94401200DE80E9 /* Sources */ = {
			isa = PBXSourcesBuildPhase;
			buildActionMask = 2147483647;
			files = (
				1C4715A91A94401200DE80E9 /* ToDoListTests.m in Sources */,
			);
			runOnlyForDeploymentPostprocessing = 0;
		};
/* End PBXSourcesBuildPhase section */

/* Begin PBXTargetDependency section */
		1C4715A41A94401200DE80E9 /* PBXTargetDependency */ = {
			isa = PBXTargetDependency;
			target = 1C4715881A94401200DE80E9 /* ToDoList */;
			targetProxy = 1C4715A31A94401200DE80E9 /* PBXContainerItemProxy */;
		};
/* End PBXTargetDependency section */

/* Begin PBXVariantGroup section */
		1C4715961A94401200DE80E9 /* Main.storyboard */ = {
			isa = PBXVariantGroup;
			children = (
				1C4715971A94401200DE80E9 /* Base */,
			);
			name = Main.storyboard;
			sourceTree = "<group>";
		};
		1C47159B1A94401200DE80E9 /* LaunchScreen.xib */ = {
			isa = PBXVariantGroup;
			children = (
				1C47159C1A94401200DE80E9 /* Base */,
			);
			name = LaunchScreen.xib;
			sourceTree = "<group>";
		};
/* End PBXVariantGroup section */

/* Begin XCBuildConfiguration section */
		1C4715AA1A94401200DE80E9 /* Debug */ = {
			isa = XCBuildConfiguration;
			buildSettings = {
				ALWAYS_SEARCH_USER_PATHS = NO;
				CLANG_CXX_LANGUAGE_STANDARD = "gnu++0x";
				CLANG_CXX_LIBRARY = "libc++";
				CLANG_ENABLE_MODULES = YES;
				CLANG_ENABLE_OBJC_ARC = YES;
				CLANG_WARN_BOOL_CONVERSION = YES;
				CLANG_WARN_CONSTANT_CONVERSION = YES;
				CLANG_WARN_DIRECT_OBJC_ISA_USAGE = YES_ERROR;
				CLANG_WARN_EMPTY_BODY = YES;
				CLANG_WARN_ENUM_CONVERSION = YES;
				CLANG_WARN_INT_CONVERSION = YES;
				CLANG_WARN_OBJC_ROOT_CLASS = YES_ERROR;
				CLANG_WARN_UNREACHABLE_CODE = YES;
				CLANG_WARN__DUPLICATE_METHOD_MATCH = YES;
				"CODE_SIGN_IDENTITY[sdk=iphoneos*]" = "iPhone Developer";
				COPY_PHASE_STRIP = NO;
				ENABLE_STRICT_OBJC_MSGSEND = YES;
				GCC_C_LANGUAGE_STANDARD = gnu99;
				GCC_DYNAMIC_NO_PIC = NO;
				GCC_OPTIMIZATION_LEVEL = 0;
				GCC_PREPROCESSOR_DEFINITIONS = (
					"DEBUG=1",
					"$(inherited)",
				);
				GCC_SYMBOLS_PRIVATE_EXTERN = NO;
				GCC_WARN_64_TO_32_BIT_CONVERSION = YES;
				GCC_WARN_ABOUT_RETURN_TYPE = YES_ERROR;
				GCC_WARN_UNDECLARED_SELECTOR = YES;
				GCC_WARN_UNINITIALIZED_AUTOS = YES_AGGRESSIVE;
				GCC_WARN_UNUSED_FUNCTION = YES;
				GCC_WARN_UNUSED_VARIABLE = YES;
				IPHONEOS_DEPLOYMENT_TARGET = 8.1;
				MTL_ENABLE_DEBUG_INFO = YES;
				ONLY_ACTIVE_ARCH = YES;
				SDKROOT = iphoneos;
				TARGETED_DEVICE_FAMILY = "1,2";
			};
			name = Debug;
		};
		1C4715AB1A94401200DE80E9 /* Release */ = {
			isa = XCBuildConfiguration;
			buildSettings = {
				ALWAYS_SEARCH_USER_PATHS = NO;
				CLANG_CXX_LANGUAGE_STANDARD = "gnu++0x";
				CLANG_CXX_LIBRARY = "libc++";
				CLANG_ENABLE_MODULES = YES;
				CLANG_ENABLE_OBJC_ARC = YES;
				CLANG_WARN_BOOL_CONVERSION = YES;
				CLANG_WARN_CONSTANT_CONVERSION = YES;
				CLANG_WARN_DIRECT_OBJC_ISA_USAGE = YES_ERROR;
				CLANG_WARN_EMPTY_BODY = YES;
				CLANG_WARN_ENUM_CONVERSION = YES;
				CLANG_WARN_INT_CONVERSION = YES;
				CLANG_WARN_OBJC_ROOT_CLASS = YES_ERROR;
				CLANG_WARN_UNREACHABLE_CODE = YES;
				CLANG_WARN__DUPLICATE_METHOD_MATCH = YES;
				"CODE_SIGN_IDENTITY[sdk=iphoneos*]" = "iPhone Developer";
				COPY_PHASE_STRIP = YES;
				ENABLE_NS_ASSERTIONS = NO;
				ENABLE_STRICT_OBJC_MSGSEND = YES;
				GCC_C_LANGUAGE_STANDARD = gnu99;
				GCC_WARN_64_TO_32_BIT_CONVERSION = YES;
				GCC_WARN_ABOUT_RETURN_TYPE = YES_ERROR;
				GCC_WARN_UNDECLARED_SELECTOR = YES;
				GCC_WARN_UNINITIALIZED_AUTOS = YES_AGGRESSIVE;
				GCC_WARN_UNUSED_FUNCTION = YES;
				GCC_WARN_UNUSED_VARIABLE = YES;
				IPHONEOS_DEPLOYMENT_TARGET = 8.1;
				MTL_ENABLE_DEBUG_INFO = NO;
				SDKROOT = iphoneos;
				TARGETED_DEVICE_FAMILY = "1,2";
				VALIDATE_PRODUCT = YES;
			};
			name = Release;
		};
		1C4715AD1A94401200DE80E9 /* Debug */ = {
			isa = XCBuildConfiguration;
			buildSettings = {
				ASSETCATALOG_COMPILER_APPICON_NAME = AppIcon;
				INFOPLIST_FILE = ToDoList/Info.plist;
				LD_RUNPATH_SEARCH_PATHS = "$(inherited) @executable_path/Frameworks";
				PRODUCT_NAME = "$(TARGET_NAME)";
			};
			name = Debug;
		};
		1C4715AE1A94401200DE80E9 /* Release */ = {
			isa = XCBuildConfiguration;
			buildSettings = {
				ASSETCATALOG_COMPILER_APPICON_NAME = AppIcon;
				INFOPLIST_FILE = ToDoList/Info.plist;
				LD_RUNPATH_SEARCH_PATHS = "$(inherited) @executable_path/Frameworks";
				PRODUCT_NAME = "$(TARGET_NAME)";
			};
			name = Release;
		};
		1C4715B01A94401200DE80E9 /* Debug */ = {
			isa = XCBuildConfiguration;
			buildSettings = {
				BUNDLE_LOADER = "$(TEST_HOST)";
				FRAMEWORK_SEARCH_PATHS = (
					"$(SDKROOT)/Developer/Library/Frameworks",
					"$(inherited)",
				);
				GCC_PREPROCESSOR_DEFINITIONS = (
					"DEBUG=1",
					"$(inherited)",
				);
				INFOPLIST_FILE = ToDoListTests/Info.plist;
				LD_RUNPATH_SEARCH_PATHS = "$(inherited) @executable_path/Frameworks @loader_path/Frameworks";
				PRODUCT_NAME = "$(TARGET_NAME)";
				TEST_HOST = "$(BUILT_PRODUCTS_DIR)/ToDoList.app/ToDoList";
			};
			name = Debug;
		};
		1C4715B11A94401200DE80E9 /* Release */ = {
			isa = XCBuildConfiguration;
			buildSettings = {
				BUNDLE_LOADER = "$(TEST_HOST)";
				FRAMEWORK_SEARCH_PATHS = (
					"$(SDKROOT)/Developer/Library/Frameworks",
					"$(inherited)",
				);
				INFOPLIST_FILE = ToDoListTests/Info.plist;
				LD_RUNPATH_SEARCH_PATHS = "$(inherited) @executable_path/Frameworks @loader_path/Frameworks";
				PRODUCT_NAME = "$(TARGET_NAME)";
				TEST_HOST = "$(BUILT_PRODUCTS_DIR)/ToDoList.app/ToDoList";
			};
			name = Release;
		};
/* End XCBuildConfiguration section */

/* Begin XCConfigurationList section */
		1C4715841A94401200DE80E9 /* Build configuration list for PBXProject "ToDoList" */ = {
			isa = XCConfigurationList;
			buildConfigurations = (
				1C4715AA1A94401200DE80E9 /* Debug */,
				1C4715AB1A94401200DE80E9 /* Release */,
			);
			defaultConfigurationIsVisible = 0;
			defaultConfigurationName = Release;
		};
		1C4715AC1A94401200DE80E9 /* Build configuration list for PBXNativeTarget "ToDoList" */ = {
			isa = XCConfigurationList;
			buildConfigurations = (
				1C4715AD1A94401200DE80E9 /* Debug */,
				1C4715AE1A94401200DE80E9 /* Release */,
			);
			defaultConfigurationIsVisible = 0;
		};
		1C4715AF1A94401200DE80E9 /* Build configuration list for PBXNativeTarget "ToDoListTests" */ = {
			isa = XCConfigurationList;
			buildConfigurations = (
				1C4715B01A94401200DE80E9 /* Debug */,
				1C4715B11A94401200DE80E9 /* Release */,
			);
			defaultConfigurationIsVisible = 0;
		};
/* End XCConfigurationList section */
	};
	rootObject = 1C4715811A94401200DE80E9 /* Project object */;
}
